// !$*UTF8*$!
{
	archiveVersion = 1;
	classes = {
	};
	objectVersion = 46;
	objects = {

/* Begin PBXBuildFile section */
		0A5374AA1E606B9700F198AD /* DimensionManager.swift in Sources */ = {isa = PBXBuildFile; fileRef = 0A5374A91E606B9700F198AD /* DimensionManager.swift */; };
		0A5E1C641E701C2D00537F84 /* UILabelExtension.swift in Sources */ = {isa = PBXBuildFile; fileRef = 0A5E1C631E701C2D00537F84 /* UILabelExtension.swift */; };
		0A5E1C651E7026B800537F84 /* kg_miss_kindy_chunky.ttf in Resources */ = {isa = PBXBuildFile; fileRef = 0A5E1C611E701ACA00537F84 /* kg_miss_kindy_chunky.ttf */; };
		0A65E2601E6EC11400F538B5 /* VideoCategoryParser.swift in Sources */ = {isa = PBXBuildFile; fileRef = 0A65E25F1E6EC11400F538B5 /* VideoCategoryParser.swift */; };
		0A65E26E1E6EDF1E00F538B5 /* VideoCategoryModel.swift in Sources */ = {isa = PBXBuildFile; fileRef = 0A65E26D1E6EDF1E00F538B5 /* VideoCategoryModel.swift */; };
		0A72615E1E6D30600023883F /* StringExtension.swift in Sources */ = {isa = PBXBuildFile; fileRef = 0A72615C1E6D30600023883F /* StringExtension.swift */; };
		0A72615F1E6D30600023883F /* UIColorExtension.swift in Sources */ = {isa = PBXBuildFile; fileRef = 0A72615D1E6D30600023883F /* UIColorExtension.swift */; };
		0A7261631E6D30AE0023883F /* CustomButton.swift in Sources */ = {isa = PBXBuildFile; fileRef = 0A7261621E6D30AE0023883F /* CustomButton.swift */; };
		0A74B98E1E71143200B7A67D /* UIViewExtention.swift in Sources */ = {isa = PBXBuildFile; fileRef = 0A74B98D1E71143200B7A67D /* UIViewExtention.swift */; };
		0A80DA201E702C5E00939443 /* TopBarOverlay.xib in Resources */ = {isa = PBXBuildFile; fileRef = 0A80DA1F1E702C5E00939443 /* TopBarOverlay.xib */; };
		0A80DA221E702CA500939443 /* TopBarOverlay.swift in Sources */ = {isa = PBXBuildFile; fileRef = 0A80DA211E702CA500939443 /* TopBarOverlay.swift */; };
		0A80DA241E702CC100939443 /* BottomBarOverlay.xib in Resources */ = {isa = PBXBuildFile; fileRef = 0A80DA231E702CC100939443 /* BottomBarOverlay.xib */; };
		0A80DA261E702DA700939443 /* BottomBarOverlay.swift in Sources */ = {isa = PBXBuildFile; fileRef = 0A80DA251E702DA700939443 /* BottomBarOverlay.swift */; };
		0A8A58A61E683F2100A93DD2 /* VideoCategoryController.swift in Sources */ = {isa = PBXBuildFile; fileRef = 0A8A58A51E683F2100A93DD2 /* VideoCategoryController.swift */; };
		0A8F790A1E6971D300720DB8 /* VideoCategoryCard.xib in Resources */ = {isa = PBXBuildFile; fileRef = 0A8F79091E6971D300720DB8 /* VideoCategoryCard.xib */; };
		0A8F790C1E6971FD00720DB8 /* VideoCategoryCard.swift in Sources */ = {isa = PBXBuildFile; fileRef = 0A8F790B1E6971FD00720DB8 /* VideoCategoryCard.swift */; };
		0AAD2EFD1E5C48EF00B504A3 /* AppDelegate.swift in Sources */ = {isa = PBXBuildFile; fileRef = 0AAD2EFC1E5C48EF00B504A3 /* AppDelegate.swift */; };
		0AAD2F021E5C48EF00B504A3 /* Main.storyboard in Resources */ = {isa = PBXBuildFile; fileRef = 0AAD2F001E5C48EF00B504A3 /* Main.storyboard */; };
		0AAD2F051E5C48EF00B504A3 /* APPYSTORE.xcdatamodeld in Sources */ = {isa = PBXBuildFile; fileRef = 0AAD2F031E5C48EF00B504A3 /* APPYSTORE.xcdatamodeld */; };
		0AAD2F0A1E5C48EF00B504A3 /* LaunchScreen.storyboard in Resources */ = {isa = PBXBuildFile; fileRef = 0AAD2F081E5C48EF00B504A3 /* LaunchScreen.storyboard */; };
		54D641501B11786A1C496324 /* Pods_APPYSTORE.framework in Frameworks */ = {isa = PBXBuildFile; fileRef = 4E463C3A36DD3D2DE33CC294 /* Pods_APPYSTORE.framework */; };
		705E7BC21E700AB30086BC60 /* CoreData.framework in Frameworks */ = {isa = PBXBuildFile; fileRef = 705E7BC11E700AB30086BC60 /* CoreData.framework */; };
		706B0B9B1E73D392006CF8CA /* AnimationView.swift in Sources */ = {isa = PBXBuildFile; fileRef = 706B0B9A1E73D392006CF8CA /* AnimationView.swift */; };
		706B34FA1E6FE9F4008474EA /* BaseDBManager.swift in Sources */ = {isa = PBXBuildFile; fileRef = 706B34F91E6FE9F4008474EA /* BaseDBManager.swift */; };
		707FD8181E7140A400948BEA /* Util.swift in Sources */ = {isa = PBXBuildFile; fileRef = 707FD8171E7140A400948BEA /* Util.swift */; };
		70A36E4B1E614722002B9296 /* Assets.xcassets in Resources */ = {isa = PBXBuildFile; fileRef = 70A36E4A1E614722002B9296 /* Assets.xcassets */; };
		70A36E4D1E6148BE002B9296 /* CommonOverlayView.xib in Resources */ = {isa = PBXBuildFile; fileRef = 70A36E4C1E6148BE002B9296 /* CommonOverlayView.xib */; };
		70A36E4F1E6149C0002B9296 /* CommonOverlayView.swift in Sources */ = {isa = PBXBuildFile; fileRef = 70A36E4E1E6149C0002B9296 /* CommonOverlayView.swift */; };
		70AD5AE31E6E7129003C2536 /* BaseParser.swift in Sources */ = {isa = PBXBuildFile; fileRef = 70AD5ADD1E6E7129003C2536 /* BaseParser.swift */; };
		70AD5AE41E6E7129003C2536 /* BaseModel.swift in Sources */ = {isa = PBXBuildFile; fileRef = 70AD5ADE1E6E7129003C2536 /* BaseModel.swift */; };
		70AD5AE51E6E7129003C2536 /* PageConstants.swift in Sources */ = {isa = PBXBuildFile; fileRef = 70AD5ADF1E6E7129003C2536 /* PageConstants.swift */; };
		70AD5AE61E6E7129003C2536 /* HttpRequestBuilder.swift in Sources */ = {isa = PBXBuildFile; fileRef = 70AD5AE01E6E7129003C2536 /* HttpRequestBuilder.swift */; };
		70AD5AE71E6E7129003C2536 /* DataManager.swift in Sources */ = {isa = PBXBuildFile; fileRef = 70AD5AE11E6E7129003C2536 /* DataManager.swift */; };
		70AD5AE81E6E7129003C2536 /* HttpConnection.swift in Sources */ = {isa = PBXBuildFile; fileRef = 70AD5AE21E6E7129003C2536 /* HttpConnection.swift */; };
		70AD5AED1E6E71CD003C2536 /* HistoryController.swift in Sources */ = {isa = PBXBuildFile; fileRef = 70AD5AE91E6E71CD003C2536 /* HistoryController.swift */; };
		70AD5AEE1E6E71CD003C2536 /* VideoListingModel.swift in Sources */ = {isa = PBXBuildFile; fileRef = 70AD5AEA1E6E71CD003C2536 /* VideoListingModel.swift */; };
		70AD5AEF1E6E71CD003C2536 /* HistoryVideoCell.swift in Sources */ = {isa = PBXBuildFile; fileRef = 70AD5AEB1E6E71CD003C2536 /* HistoryVideoCell.swift */; };
		70AD5AF01E6E71CD003C2536 /* HistoryParser.swift in Sources */ = {isa = PBXBuildFile; fileRef = 70AD5AEC1E6E71CD003C2536 /* HistoryParser.swift */; };
		70AD5AF21E6E7360003C2536 /* SearchResultController.swift in Sources */ = {isa = PBXBuildFile; fileRef = 70AD5AF11E6E7360003C2536 /* SearchResultController.swift */; };
		7360D8881E7A8C8400C662DE /* ParserListener.swift in Sources */ = {isa = PBXBuildFile; fileRef = 7360D8871E7A8C8400C662DE /* ParserListener.swift */; };
		7360D88A1E7A947500C662DE /* LoginParserListener.swift in Sources */ = {isa = PBXBuildFile; fileRef = 7360D8891E7A947500C662DE /* LoginParserListener.swift */; };
		7362A5E81E9C99E300DA4C91 /* SearchResultParser.swift in Sources */ = {isa = PBXBuildFile; fileRef = 7362A5E71E9C99E300DA4C91 /* SearchResultParser.swift */; };
		73638FAC1E8A57EC0089619B /* CustomViewLayer.swift in Sources */ = {isa = PBXBuildFile; fileRef = 73638FAB1E8A57EC0089619B /* CustomViewLayer.swift */; };
		7365F3931E92603A006B3C75 /* VideoListingController.swift in Sources */ = {isa = PBXBuildFile; fileRef = 7365F3921E92603A006B3C75 /* VideoListingController.swift */; };
		7365F3951E92612D006B3C75 /* MainController.swift in Sources */ = {isa = PBXBuildFile; fileRef = 7365F3941E92612D006B3C75 /* MainController.swift */; };
		7366E8951E8D23BA002A09F2 /* CustomLabel.swift in Sources */ = {isa = PBXBuildFile; fileRef = 7366E8941E8D23BA002A09F2 /* CustomLabel.swift */; };
		736A40FC1E891A3000A4C038 /* VideoListingCard.swift in Sources */ = {isa = PBXBuildFile; fileRef = 736A40FA1E891A3000A4C038 /* VideoListingCard.swift */; };
		736A40FD1E891A3000A4C038 /* VideoListingCard.xib in Resources */ = {isa = PBXBuildFile; fileRef = 736A40FB1E891A3000A4C038 /* VideoListingCard.xib */; };
		736D42871E9F544F00ACDD0F /* UITextFieldExtension.swift in Sources */ = {isa = PBXBuildFile; fileRef = 736D42861E9F544F00ACDD0F /* UITextFieldExtension.swift */; };
		736D42891E9F57DC00ACDD0F /* CustomTextField.swift in Sources */ = {isa = PBXBuildFile; fileRef = 736D42881E9F57DC00ACDD0F /* CustomTextField.swift */; };
		736D428B1E9FA45700ACDD0F /* SearchTagsParser.swift in Sources */ = {isa = PBXBuildFile; fileRef = 736D428A1E9FA45700ACDD0F /* SearchTagsParser.swift */; };
		736D428D1E9FAB2F00ACDD0F /* SearchTagsModel.swift in Sources */ = {isa = PBXBuildFile; fileRef = 736D428C1E9FAB2F00ACDD0F /* SearchTagsModel.swift */; };
		736D42901E9FC2F100ACDD0F /* TagsCard.swift in Sources */ = {isa = PBXBuildFile; fileRef = 736D428E1E9FC2F100ACDD0F /* TagsCard.swift */; };
		736D42911E9FC2F100ACDD0F /* TagsCard.xib in Resources */ = {isa = PBXBuildFile; fileRef = 736D428F1E9FC2F100ACDD0F /* TagsCard.xib */; };
		736DC0C21EA9CDC700347CBA /* LayerColor.swift in Sources */ = {isa = PBXBuildFile; fileRef = 736DC0C11EA9CDC700347CBA /* LayerColor.swift */; };
		7370B81D1E9DE2A400D91ABA /* RecommendedVideoCard.xib in Resources */ = {isa = PBXBuildFile; fileRef = 7370B81C1E9DE2A400D91ABA /* RecommendedVideoCard.xib */; };
		7370B81F1E9DE99100D91ABA /* RecommendedVideoCard.swift in Sources */ = {isa = PBXBuildFile; fileRef = 7370B81E1E9DE99100D91ABA /* RecommendedVideoCard.swift */; };
		7370B8211E9DED3B00D91ABA /* RecommendedVideoViewController.swift in Sources */ = {isa = PBXBuildFile; fileRef = 7370B8201E9DED3B00D91ABA /* RecommendedVideoViewController.swift */; };
		7370B8231E9DF4F600D91ABA /* RecommendedVideoParser.swift in Sources */ = {isa = PBXBuildFile; fileRef = 7370B8221E9DF4F600D91ABA /* RecommendedVideoParser.swift */; };
		7370B8251E9E421300D91ABA /* BaseCard.swift in Sources */ = {isa = PBXBuildFile; fileRef = 7370B8241E9E421300D91ABA /* BaseCard.swift */; };
		7371A2E31E7BB293009B2894 /* ArrayExtension.swift in Sources */ = {isa = PBXBuildFile; fileRef = 7371A2E21E7BB293009B2894 /* ArrayExtension.swift */; };
		7371F9FD1E936898009241FF /* KCFABManager.swift in Sources */ = {isa = PBXBuildFile; fileRef = 7371F9F61E936898009241FF /* KCFABManager.swift */; };
		7371F9FE1E936898009241FF /* KCFABViewController.swift in Sources */ = {isa = PBXBuildFile; fileRef = 7371F9F71E936898009241FF /* KCFABViewController.swift */; };
		7371F9FF1E936898009241FF /* KCFABWindow.swift in Sources */ = {isa = PBXBuildFile; fileRef = 7371F9F81E936898009241FF /* KCFABWindow.swift */; };
		7371FA001E936898009241FF /* KCFloatingActionButton.swift in Sources */ = {isa = PBXBuildFile; fileRef = 7371F9FA1E936898009241FF /* KCFloatingActionButton.swift */; };
		7371FA011E936898009241FF /* KCFloatingActionButtonDelegate.swift in Sources */ = {isa = PBXBuildFile; fileRef = 7371F9FB1E936898009241FF /* KCFloatingActionButtonDelegate.swift */; };
		7371FA021E936898009241FF /* KCFloatingActionButtonItem.swift in Sources */ = {isa = PBXBuildFile; fileRef = 7371F9FC1E936898009241FF /* KCFloatingActionButtonItem.swift */; };
		7371FA041E936B7B009241FF /* VideoPlayerViewController.swift in Sources */ = {isa = PBXBuildFile; fileRef = 7371FA031E936B7B009241FF /* VideoPlayerViewController.swift */; };
		7371FA061E939F1D009241FF /* VideoPlayer.xib in Resources */ = {isa = PBXBuildFile; fileRef = 7371FA051E939F1D009241FF /* VideoPlayer.xib */; };
		7371FA081E93AC53009241FF /* VideoPlayer.swift in Sources */ = {isa = PBXBuildFile; fileRef = 7371FA071E93AC53009241FF /* VideoPlayer.swift */; };
		7371FA0A1E93D454009241FF /* VideoPlayerController.swift in Sources */ = {isa = PBXBuildFile; fileRef = 7371FA091E93D454009241FF /* VideoPlayerController.swift */; };
		7372320A1EA64B4E001A3106 /* UIToolbarExtention.swift in Sources */ = {isa = PBXBuildFile; fileRef = 737232091EA64B4E001A3106 /* UIToolbarExtention.swift */; };
		73754E061E975969001DD942 /* MainControllerUIDelegate.swift in Sources */ = {isa = PBXBuildFile; fileRef = 73754E051E975969001DD942 /* MainControllerUIDelegate.swift */; };
		73754E081E978474001DD942 /* ComponentProperties.swift in Sources */ = {isa = PBXBuildFile; fileRef = 73754E071E978474001DD942 /* ComponentProperties.swift */; };
		73754E0B1E97B027001DD942 /* SearchTagsController.swift in Sources */ = {isa = PBXBuildFile; fileRef = 73754E0A1E97B027001DD942 /* SearchTagsController.swift */; };
		7376DE701E812D9C00D68BAE /* DataFetchFramework.swift in Sources */ = {isa = PBXBuildFile; fileRef = 7376DE6F1E812D9C00D68BAE /* DataFetchFramework.swift */; };
		737E28281E94F409008CEC26 /* PlayerModel.swift in Sources */ = {isa = PBXBuildFile; fileRef = 737E28271E94F409008CEC26 /* PlayerModel.swift */; };
		738C72F61E93E34400A1B4E0 /* VideoListingParser.swift in Sources */ = {isa = PBXBuildFile; fileRef = 738C72F51E93E34400A1B4E0 /* VideoListingParser.swift */; };
		738C89CE1EA5D12C001C9724 /* Login.storyboard in Resources */ = {isa = PBXBuildFile; fileRef = 738C89CD1EA5D12C001C9724 /* Login.storyboard */; };
		738EEE6E1EA4BF3000A50038 /* AppNavigationHandler.swift in Sources */ = {isa = PBXBuildFile; fileRef = 738EEE6D1EA4BF3000A50038 /* AppNavigationHandler.swift */; };
		738EEE701EA4DD5300A50038 /* NavigationUtil.swift in Sources */ = {isa = PBXBuildFile; fileRef = 738EEE6F1EA4DD5300A50038 /* NavigationUtil.swift */; };
		738EEE731EA4FF5300A50038 /* ChildRegistrationController.swift in Sources */ = {isa = PBXBuildFile; fileRef = 738EEE721EA4FF5300A50038 /* ChildRegistrationController.swift */; };
		7392672B1E9E0BCB00D5ABC4 /* BaseViewControllerProtocol.swift in Sources */ = {isa = PBXBuildFile; fileRef = 7392672A1E9E0BCB00D5ABC4 /* BaseViewControllerProtocol.swift */; };
		7392A7841E94C95900A6ED32 /* HistoryDBManager.swift in Sources */ = {isa = PBXBuildFile; fileRef = 7392A7831E94C95900A6ED32 /* HistoryDBManager.swift */; };
		7392A7861E94C96200A6ED32 /* VideoDBManager.swift in Sources */ = {isa = PBXBuildFile; fileRef = 7392A7851E94C96200A6ED32 /* VideoDBManager.swift */; };
		7392A7881E94CEC700A6ED32 /* VideoListingDBManager.swift in Sources */ = {isa = PBXBuildFile; fileRef = 7392A7871E94CEC700A6ED32 /* VideoListingDBManager.swift */; };
		7392A78A1E951EAF00A6ED32 /* BundleConstants.swift in Sources */ = {isa = PBXBuildFile; fileRef = 7392A7891E951EAF00A6ED32 /* BundleConstants.swift */; };
		73950B411E926E0F0026A7D9 /* BaseListingViewController.swift in Sources */ = {isa = PBXBuildFile; fileRef = 73950B401E926E0F0026A7D9 /* BaseListingViewController.swift */; };
		73967E7D1E893BF100A9A81B /* UICollectionViewExtension.swift in Sources */ = {isa = PBXBuildFile; fileRef = 73967E7C1E893BF000A9A81B /* UICollectionViewExtension.swift */; };
		7397BD9D1EA748C80048E177 /* AvatarSelectionController.swift in Sources */ = {isa = PBXBuildFile; fileRef = 7397BD9C1EA748C80048E177 /* AvatarSelectionController.swift */; };
		7399063C1E8E38CE009501AD /* NavigationManager.swift in Sources */ = {isa = PBXBuildFile; fileRef = 7399063B1E8E38CE009501AD /* NavigationManager.swift */; };
		739A82551EA9DF7B008F9001 /* ChildCard.xib in Resources */ = {isa = PBXBuildFile; fileRef = 739A82541EA9DF7A008F9001 /* ChildCard.xib */; };
		739A82571EA9DFD2008F9001 /* ChildCard.swift in Sources */ = {isa = PBXBuildFile; fileRef = 739A82561EA9DFD2008F9001 /* ChildCard.swift */; };
		739A82591EA9EE92008F9001 /* AvatarModel.swift in Sources */ = {isa = PBXBuildFile; fileRef = 739A82581EA9EE92008F9001 /* AvatarModel.swift */; };
		739A825B1EAA0FA3008F9001 /* AvatarParser.swift in Sources */ = {isa = PBXBuildFile; fileRef = 739A825A1EAA0FA3008F9001 /* AvatarParser.swift */; };
		739A825D1EAA19B8008F9001 /* AvatarDBManager.swift in Sources */ = {isa = PBXBuildFile; fileRef = 739A825C1EAA19B8008F9001 /* AvatarDBManager.swift */; };
		73A3BB211E960AEF00D2487A /* AppConstants.swift in Sources */ = {isa = PBXBuildFile; fileRef = 73A3BB201E960AEF00D2487A /* AppConstants.swift */; };
		73B657521E8BCFAD00E7D582 /* BaseViewController.swift in Sources */ = {isa = PBXBuildFile; fileRef = 73B657511E8BCFAD00E7D582 /* BaseViewController.swift */; };
		73B657541E8BD9C500E7D582 /* MainControllerCommunicator.swift in Sources */ = {isa = PBXBuildFile; fileRef = 73B657531E8BD9C500E7D582 /* MainControllerCommunicator.swift */; };
		73DA446A1EA60CF600EF2C00 /* PaymentPageController.swift in Sources */ = {isa = PBXBuildFile; fileRef = 73DA44691EA60CF600EF2C00 /* PaymentPageController.swift */; };
		73DA446C1EA61DFF00EF2C00 /* FreeTrialController.swift in Sources */ = {isa = PBXBuildFile; fileRef = 73DA446B1EA61DFF00EF2C00 /* FreeTrialController.swift */; };
		73DA446E1EA6378500EF2C00 /* CrossButton.xib in Resources */ = {isa = PBXBuildFile; fileRef = 73DA446D1EA6378500EF2C00 /* CrossButton.xib */; };
		73DA44701EA63BA500EF2C00 /* CrossButton.swift in Sources */ = {isa = PBXBuildFile; fileRef = 73DA446F1EA63BA500EF2C00 /* CrossButton.swift */; };
		73F43B041E82465800D4DD90 /* PageDataPref.swift in Sources */ = {isa = PBXBuildFile; fileRef = 73F43B031E82465800D4DD90 /* PageDataPref.swift */; };
		73F43B061E82739D00D4DD90 /* ContentListingApiResponseModel.swift in Sources */ = {isa = PBXBuildFile; fileRef = 73F43B051E82739D00D4DD90 /* ContentListingApiResponseModel.swift */; };
		F46267111E77AF0900302ACF /* LoginParser.swift in Sources */ = {isa = PBXBuildFile; fileRef = F46267101E77AF0900302ACF /* LoginParser.swift */; };
		F46267131E77AF7000302ACF /* UserInfo.swift in Sources */ = {isa = PBXBuildFile; fileRef = F46267121E77AF7000302ACF /* UserInfo.swift */; };
		F46267151E77AFB000302ACF /* ChildInfo.swift in Sources */ = {isa = PBXBuildFile; fileRef = F46267141E77AFB000302ACF /* ChildInfo.swift */; };
		F46267171E77B0DA00302ACF /* StringUtil.swift in Sources */ = {isa = PBXBuildFile; fileRef = F46267161E77B0DA00302ACF /* StringUtil.swift */; };
		F46267191E77B1A600302ACF /* PreChatFormField.swift in Sources */ = {isa = PBXBuildFile; fileRef = F46267181E77B1A600302ACF /* PreChatFormField.swift */; };
		F48798F21E77E9AF0060932F /* AbsPrefs.swift in Sources */ = {isa = PBXBuildFile; fileRef = F48798F11E77E9AF0060932F /* AbsPrefs.swift */; };
		F48798F41E77F36F0060932F /* Prefs.swift in Sources */ = {isa = PBXBuildFile; fileRef = F48798F31E77F36F0060932F /* Prefs.swift */; };
/* End PBXBuildFile section */

/* Begin PBXFileReference section */
		0A5374A91E606B9700F198AD /* DimensionManager.swift */ = {isa = PBXFileReference; fileEncoding = 4; lastKnownFileType = sourcecode.swift; path = DimensionManager.swift; sourceTree = "<group>"; };
		0A5E1C611E701ACA00537F84 /* kg_miss_kindy_chunky.ttf */ = {isa = PBXFileReference; lastKnownFileType = file; path = kg_miss_kindy_chunky.ttf; sourceTree = "<group>"; };
		0A5E1C631E701C2D00537F84 /* UILabelExtension.swift */ = {isa = PBXFileReference; fileEncoding = 4; lastKnownFileType = sourcecode.swift; path = UILabelExtension.swift; sourceTree = "<group>"; };
		0A65E25F1E6EC11400F538B5 /* VideoCategoryParser.swift */ = {isa = PBXFileReference; fileEncoding = 4; lastKnownFileType = sourcecode.swift; path = VideoCategoryParser.swift; sourceTree = "<group>"; };
		0A65E2641E6EC97300F538B5 /* SDWebImage.framework */ = {isa = PBXFileReference; lastKnownFileType = wrapper.framework; name = SDWebImage.framework; path = "Pods/../build/Debug-iphoneos/SDWebImage.framework"; sourceTree = "<group>"; };
		0A65E2661E6EC97E00F538B5 /* Alamofire.framework */ = {isa = PBXFileReference; lastKnownFileType = wrapper.framework; name = Alamofire.framework; path = "../../../Library/Developer/Xcode/DerivedData/APPYSTORE-cquxbeplvnzkcteryqazjonmspvk/Build/Products/Debug-iphonesimulator/Alamofire/Alamofire.framework"; sourceTree = "<group>"; };
		0A65E2681E6EC99400F538B5 /* KCFloatingActionButton.framework */ = {isa = PBXFileReference; lastKnownFileType = wrapper.framework; name = KCFloatingActionButton.framework; path = "Pods/../build/Debug-iphoneos/KCFloatingActionButton.framework"; sourceTree = "<group>"; };
		0A65E26A1E6EC99F00F538B5 /* SwiftyJSON.framework */ = {isa = PBXFileReference; lastKnownFileType = wrapper.framework; name = SwiftyJSON.framework; path = "../../../Library/Developer/Xcode/DerivedData/APPYSTORE-cquxbeplvnzkcteryqazjonmspvk/Build/Products/Debug-iphonesimulator/SwiftyJSON/SwiftyJSON.framework"; sourceTree = "<group>"; };
		0A65E26D1E6EDF1E00F538B5 /* VideoCategoryModel.swift */ = {isa = PBXFileReference; fileEncoding = 4; lastKnownFileType = sourcecode.swift; path = VideoCategoryModel.swift; sourceTree = "<group>"; };
		0A72615C1E6D30600023883F /* StringExtension.swift */ = {isa = PBXFileReference; fileEncoding = 4; lastKnownFileType = sourcecode.swift; path = StringExtension.swift; sourceTree = "<group>"; };
		0A72615D1E6D30600023883F /* UIColorExtension.swift */ = {isa = PBXFileReference; fileEncoding = 4; lastKnownFileType = sourcecode.swift; path = UIColorExtension.swift; sourceTree = "<group>"; };
		0A7261621E6D30AE0023883F /* CustomButton.swift */ = {isa = PBXFileReference; fileEncoding = 4; lastKnownFileType = sourcecode.swift; path = CustomButton.swift; sourceTree = "<group>"; };
		0A74B98D1E71143200B7A67D /* UIViewExtention.swift */ = {isa = PBXFileReference; fileEncoding = 4; lastKnownFileType = sourcecode.swift; path = UIViewExtention.swift; sourceTree = "<group>"; };
		0A80DA1F1E702C5E00939443 /* TopBarOverlay.xib */ = {isa = PBXFileReference; fileEncoding = 4; lastKnownFileType = file.xib; path = TopBarOverlay.xib; sourceTree = "<group>"; };
		0A80DA211E702CA500939443 /* TopBarOverlay.swift */ = {isa = PBXFileReference; fileEncoding = 4; lastKnownFileType = sourcecode.swift; path = TopBarOverlay.swift; sourceTree = "<group>"; };
		0A80DA231E702CC100939443 /* BottomBarOverlay.xib */ = {isa = PBXFileReference; fileEncoding = 4; lastKnownFileType = file.xib; path = BottomBarOverlay.xib; sourceTree = "<group>"; };
		0A80DA251E702DA700939443 /* BottomBarOverlay.swift */ = {isa = PBXFileReference; fileEncoding = 4; lastKnownFileType = sourcecode.swift; path = BottomBarOverlay.swift; sourceTree = "<group>"; };
		0A8A58A51E683F2100A93DD2 /* VideoCategoryController.swift */ = {isa = PBXFileReference; fileEncoding = 4; lastKnownFileType = sourcecode.swift; path = VideoCategoryController.swift; sourceTree = "<group>"; };
		0A8F79091E6971D300720DB8 /* VideoCategoryCard.xib */ = {isa = PBXFileReference; fileEncoding = 4; lastKnownFileType = file.xib; path = VideoCategoryCard.xib; sourceTree = "<group>"; };
		0A8F790B1E6971FD00720DB8 /* VideoCategoryCard.swift */ = {isa = PBXFileReference; fileEncoding = 4; lastKnownFileType = sourcecode.swift; path = VideoCategoryCard.swift; sourceTree = "<group>"; };
		0AAD2EF91E5C48EF00B504A3 /* APPYSTORE.app */ = {isa = PBXFileReference; explicitFileType = wrapper.application; includeInIndex = 0; path = APPYSTORE.app; sourceTree = BUILT_PRODUCTS_DIR; };
		0AAD2EFC1E5C48EF00B504A3 /* AppDelegate.swift */ = {isa = PBXFileReference; lastKnownFileType = sourcecode.swift; path = AppDelegate.swift; sourceTree = "<group>"; };
		0AAD2F011E5C48EF00B504A3 /* Base */ = {isa = PBXFileReference; lastKnownFileType = file.storyboard; name = Base; path = Base.lproj/Main.storyboard; sourceTree = "<group>"; };
		0AAD2F041E5C48EF00B504A3 /* APPYSTORE.xcdatamodel */ = {isa = PBXFileReference; lastKnownFileType = wrapper.xcdatamodel; path = APPYSTORE.xcdatamodel; sourceTree = "<group>"; };
		0AAD2F091E5C48EF00B504A3 /* Base */ = {isa = PBXFileReference; lastKnownFileType = file.storyboard; name = Base; path = Base.lproj/LaunchScreen.storyboard; sourceTree = "<group>"; };
		0AAD2F0B1E5C48EF00B504A3 /* Info.plist */ = {isa = PBXFileReference; lastKnownFileType = text.plist.xml; path = Info.plist; sourceTree = "<group>"; };
		4235255AFD5AB3DCC9C949D5 /* Pods-APPYSTORE.release.xcconfig */ = {isa = PBXFileReference; includeInIndex = 1; lastKnownFileType = text.xcconfig; name = "Pods-APPYSTORE.release.xcconfig"; path = "Pods/Target Support Files/Pods-APPYSTORE/Pods-APPYSTORE.release.xcconfig"; sourceTree = "<group>"; };
		449AB76A8F3659A0A4381CF8 /* Pods-APPYSTORE.debug.xcconfig */ = {isa = PBXFileReference; includeInIndex = 1; lastKnownFileType = text.xcconfig; name = "Pods-APPYSTORE.debug.xcconfig"; path = "Pods/Target Support Files/Pods-APPYSTORE/Pods-APPYSTORE.debug.xcconfig"; sourceTree = "<group>"; };
		4E463C3A36DD3D2DE33CC294 /* Pods_APPYSTORE.framework */ = {isa = PBXFileReference; explicitFileType = wrapper.framework; includeInIndex = 0; path = Pods_APPYSTORE.framework; sourceTree = BUILT_PRODUCTS_DIR; };
		705E7BC11E700AB30086BC60 /* CoreData.framework */ = {isa = PBXFileReference; lastKnownFileType = wrapper.framework; name = CoreData.framework; path = System/Library/Frameworks/CoreData.framework; sourceTree = SDKROOT; };
		706B0B9A1E73D392006CF8CA /* AnimationView.swift */ = {isa = PBXFileReference; fileEncoding = 4; lastKnownFileType = sourcecode.swift; path = AnimationView.swift; sourceTree = "<group>"; };
		706B34F91E6FE9F4008474EA /* BaseDBManager.swift */ = {isa = PBXFileReference; fileEncoding = 4; lastKnownFileType = sourcecode.swift; path = BaseDBManager.swift; sourceTree = "<group>"; };
		707FD8171E7140A400948BEA /* Util.swift */ = {isa = PBXFileReference; fileEncoding = 4; lastKnownFileType = sourcecode.swift; name = Util.swift; path = common/Util.swift; sourceTree = "<group>"; };
		70A36E4A1E614722002B9296 /* Assets.xcassets */ = {isa = PBXFileReference; lastKnownFileType = folder.assetcatalog; path = Assets.xcassets; sourceTree = "<group>"; };
		70A36E4C1E6148BE002B9296 /* CommonOverlayView.xib */ = {isa = PBXFileReference; fileEncoding = 4; lastKnownFileType = file.xib; path = CommonOverlayView.xib; sourceTree = "<group>"; };
		70A36E4E1E6149C0002B9296 /* CommonOverlayView.swift */ = {isa = PBXFileReference; fileEncoding = 4; lastKnownFileType = sourcecode.swift; path = CommonOverlayView.swift; sourceTree = "<group>"; };
		70AD5ADD1E6E7129003C2536 /* BaseParser.swift */ = {isa = PBXFileReference; fileEncoding = 4; lastKnownFileType = sourcecode.swift; path = BaseParser.swift; sourceTree = "<group>"; };
		70AD5ADE1E6E7129003C2536 /* BaseModel.swift */ = {isa = PBXFileReference; fileEncoding = 4; lastKnownFileType = sourcecode.swift; path = BaseModel.swift; sourceTree = "<group>"; };
		70AD5ADF1E6E7129003C2536 /* PageConstants.swift */ = {isa = PBXFileReference; fileEncoding = 4; lastKnownFileType = sourcecode.swift; path = PageConstants.swift; sourceTree = "<group>"; };
		70AD5AE01E6E7129003C2536 /* HttpRequestBuilder.swift */ = {isa = PBXFileReference; fileEncoding = 4; lastKnownFileType = sourcecode.swift; path = HttpRequestBuilder.swift; sourceTree = "<group>"; };
		70AD5AE11E6E7129003C2536 /* DataManager.swift */ = {isa = PBXFileReference; fileEncoding = 4; lastKnownFileType = sourcecode.swift; path = DataManager.swift; sourceTree = "<group>"; };
		70AD5AE21E6E7129003C2536 /* HttpConnection.swift */ = {isa = PBXFileReference; fileEncoding = 4; lastKnownFileType = sourcecode.swift; path = HttpConnection.swift; sourceTree = "<group>"; };
		70AD5AE91E6E71CD003C2536 /* HistoryController.swift */ = {isa = PBXFileReference; fileEncoding = 4; lastKnownFileType = sourcecode.swift; path = HistoryController.swift; sourceTree = "<group>"; };
		70AD5AEA1E6E71CD003C2536 /* VideoListingModel.swift */ = {isa = PBXFileReference; fileEncoding = 4; lastKnownFileType = sourcecode.swift; path = VideoListingModel.swift; sourceTree = "<group>"; };
		70AD5AEB1E6E71CD003C2536 /* HistoryVideoCell.swift */ = {isa = PBXFileReference; fileEncoding = 4; lastKnownFileType = sourcecode.swift; path = HistoryVideoCell.swift; sourceTree = "<group>"; };
		70AD5AEC1E6E71CD003C2536 /* HistoryParser.swift */ = {isa = PBXFileReference; fileEncoding = 4; lastKnownFileType = sourcecode.swift; path = HistoryParser.swift; sourceTree = "<group>"; };
		70AD5AF11E6E7360003C2536 /* SearchResultController.swift */ = {isa = PBXFileReference; fileEncoding = 4; lastKnownFileType = sourcecode.swift; path = SearchResultController.swift; sourceTree = "<group>"; };
		7360D8871E7A8C8400C662DE /* ParserListener.swift */ = {isa = PBXFileReference; fileEncoding = 4; lastKnownFileType = sourcecode.swift; path = ParserListener.swift; sourceTree = "<group>"; };
		7360D8891E7A947500C662DE /* LoginParserListener.swift */ = {isa = PBXFileReference; fileEncoding = 4; lastKnownFileType = sourcecode.swift; path = LoginParserListener.swift; sourceTree = "<group>"; };
		7362A5E71E9C99E300DA4C91 /* SearchResultParser.swift */ = {isa = PBXFileReference; fileEncoding = 4; lastKnownFileType = sourcecode.swift; path = SearchResultParser.swift; sourceTree = "<group>"; };
		73638FAB1E8A57EC0089619B /* CustomViewLayer.swift */ = {isa = PBXFileReference; fileEncoding = 4; lastKnownFileType = sourcecode.swift; path = CustomViewLayer.swift; sourceTree = "<group>"; };
		7365F3921E92603A006B3C75 /* VideoListingController.swift */ = {isa = PBXFileReference; fileEncoding = 4; lastKnownFileType = sourcecode.swift; path = VideoListingController.swift; sourceTree = "<group>"; };
		7365F3941E92612D006B3C75 /* MainController.swift */ = {isa = PBXFileReference; fileEncoding = 4; lastKnownFileType = sourcecode.swift; path = MainController.swift; sourceTree = "<group>"; };
		7366E8941E8D23BA002A09F2 /* CustomLabel.swift */ = {isa = PBXFileReference; fileEncoding = 4; lastKnownFileType = sourcecode.swift; path = CustomLabel.swift; sourceTree = "<group>"; };
		736A40FA1E891A3000A4C038 /* VideoListingCard.swift */ = {isa = PBXFileReference; fileEncoding = 4; lastKnownFileType = sourcecode.swift; path = VideoListingCard.swift; sourceTree = "<group>"; };
		736A40FB1E891A3000A4C038 /* VideoListingCard.xib */ = {isa = PBXFileReference; fileEncoding = 4; lastKnownFileType = file.xib; path = VideoListingCard.xib; sourceTree = "<group>"; };
		736D42861E9F544F00ACDD0F /* UITextFieldExtension.swift */ = {isa = PBXFileReference; fileEncoding = 4; lastKnownFileType = sourcecode.swift; path = UITextFieldExtension.swift; sourceTree = "<group>"; };
		736D42881E9F57DC00ACDD0F /* CustomTextField.swift */ = {isa = PBXFileReference; fileEncoding = 4; lastKnownFileType = sourcecode.swift; path = CustomTextField.swift; sourceTree = "<group>"; };
		736D428A1E9FA45700ACDD0F /* SearchTagsParser.swift */ = {isa = PBXFileReference; fileEncoding = 4; lastKnownFileType = sourcecode.swift; path = SearchTagsParser.swift; sourceTree = "<group>"; };
		736D428C1E9FAB2F00ACDD0F /* SearchTagsModel.swift */ = {isa = PBXFileReference; fileEncoding = 4; lastKnownFileType = sourcecode.swift; path = SearchTagsModel.swift; sourceTree = "<group>"; };
		736D428E1E9FC2F100ACDD0F /* TagsCard.swift */ = {isa = PBXFileReference; fileEncoding = 4; lastKnownFileType = sourcecode.swift; path = TagsCard.swift; sourceTree = "<group>"; };
		736D428F1E9FC2F100ACDD0F /* TagsCard.xib */ = {isa = PBXFileReference; fileEncoding = 4; lastKnownFileType = file.xib; path = TagsCard.xib; sourceTree = "<group>"; };
		736DC0C11EA9CDC700347CBA /* LayerColor.swift */ = {isa = PBXFileReference; fileEncoding = 4; lastKnownFileType = sourcecode.swift; path = LayerColor.swift; sourceTree = "<group>"; };
		7370B81C1E9DE2A400D91ABA /* RecommendedVideoCard.xib */ = {isa = PBXFileReference; fileEncoding = 4; lastKnownFileType = file.xib; path = RecommendedVideoCard.xib; sourceTree = "<group>"; };
		7370B81E1E9DE99100D91ABA /* RecommendedVideoCard.swift */ = {isa = PBXFileReference; fileEncoding = 4; lastKnownFileType = sourcecode.swift; path = RecommendedVideoCard.swift; sourceTree = "<group>"; };
		7370B8201E9DED3B00D91ABA /* RecommendedVideoViewController.swift */ = {isa = PBXFileReference; fileEncoding = 4; lastKnownFileType = sourcecode.swift; path = RecommendedVideoViewController.swift; sourceTree = "<group>"; };
		7370B8221E9DF4F600D91ABA /* RecommendedVideoParser.swift */ = {isa = PBXFileReference; fileEncoding = 4; lastKnownFileType = sourcecode.swift; path = RecommendedVideoParser.swift; sourceTree = "<group>"; };
		7370B8241E9E421300D91ABA /* BaseCard.swift */ = {isa = PBXFileReference; fileEncoding = 4; lastKnownFileType = sourcecode.swift; path = BaseCard.swift; sourceTree = "<group>"; };
		7371A2E21E7BB293009B2894 /* ArrayExtension.swift */ = {isa = PBXFileReference; fileEncoding = 4; lastKnownFileType = sourcecode.swift; path = ArrayExtension.swift; sourceTree = "<group>"; };
		7371F9F61E936898009241FF /* KCFABManager.swift */ = {isa = PBXFileReference; fileEncoding = 4; lastKnownFileType = sourcecode.swift; path = KCFABManager.swift; sourceTree = "<group>"; };
		7371F9F71E936898009241FF /* KCFABViewController.swift */ = {isa = PBXFileReference; fileEncoding = 4; lastKnownFileType = sourcecode.swift; path = KCFABViewController.swift; sourceTree = "<group>"; };
		7371F9F81E936898009241FF /* KCFABWindow.swift */ = {isa = PBXFileReference; fileEncoding = 4; lastKnownFileType = sourcecode.swift; path = KCFABWindow.swift; sourceTree = "<group>"; };
		7371F9F91E936898009241FF /* KCFloatingActionButton.h */ = {isa = PBXFileReference; fileEncoding = 4; lastKnownFileType = sourcecode.c.h; path = KCFloatingActionButton.h; sourceTree = "<group>"; };
		7371F9FA1E936898009241FF /* KCFloatingActionButton.swift */ = {isa = PBXFileReference; fileEncoding = 4; lastKnownFileType = sourcecode.swift; path = KCFloatingActionButton.swift; sourceTree = "<group>"; };
		7371F9FB1E936898009241FF /* KCFloatingActionButtonDelegate.swift */ = {isa = PBXFileReference; fileEncoding = 4; lastKnownFileType = sourcecode.swift; path = KCFloatingActionButtonDelegate.swift; sourceTree = "<group>"; };
		7371F9FC1E936898009241FF /* KCFloatingActionButtonItem.swift */ = {isa = PBXFileReference; fileEncoding = 4; lastKnownFileType = sourcecode.swift; path = KCFloatingActionButtonItem.swift; sourceTree = "<group>"; };
		7371FA031E936B7B009241FF /* VideoPlayerViewController.swift */ = {isa = PBXFileReference; fileEncoding = 4; lastKnownFileType = sourcecode.swift; path = VideoPlayerViewController.swift; sourceTree = "<group>"; };
		7371FA051E939F1D009241FF /* VideoPlayer.xib */ = {isa = PBXFileReference; fileEncoding = 4; lastKnownFileType = file.xib; path = VideoPlayer.xib; sourceTree = "<group>"; };
		7371FA071E93AC53009241FF /* VideoPlayer.swift */ = {isa = PBXFileReference; fileEncoding = 4; lastKnownFileType = sourcecode.swift; path = VideoPlayer.swift; sourceTree = "<group>"; };
		7371FA091E93D454009241FF /* VideoPlayerController.swift */ = {isa = PBXFileReference; fileEncoding = 4; lastKnownFileType = sourcecode.swift; path = VideoPlayerController.swift; sourceTree = "<group>"; };
		737232091EA64B4E001A3106 /* UIToolbarExtention.swift */ = {isa = PBXFileReference; fileEncoding = 4; lastKnownFileType = sourcecode.swift; path = UIToolbarExtention.swift; sourceTree = "<group>"; };
		73754E051E975969001DD942 /* MainControllerUIDelegate.swift */ = {isa = PBXFileReference; fileEncoding = 4; lastKnownFileType = sourcecode.swift; path = MainControllerUIDelegate.swift; sourceTree = "<group>"; };
		73754E071E978474001DD942 /* ComponentProperties.swift */ = {isa = PBXFileReference; fileEncoding = 4; lastKnownFileType = sourcecode.swift; path = ComponentProperties.swift; sourceTree = "<group>"; };
		73754E0A1E97B027001DD942 /* SearchTagsController.swift */ = {isa = PBXFileReference; fileEncoding = 4; lastKnownFileType = sourcecode.swift; path = SearchTagsController.swift; sourceTree = "<group>"; };
		7376DE6F1E812D9C00D68BAE /* DataFetchFramework.swift */ = {isa = PBXFileReference; fileEncoding = 4; lastKnownFileType = sourcecode.swift; path = DataFetchFramework.swift; sourceTree = "<group>"; };
		737E28271E94F409008CEC26 /* PlayerModel.swift */ = {isa = PBXFileReference; fileEncoding = 4; lastKnownFileType = sourcecode.swift; path = PlayerModel.swift; sourceTree = "<group>"; };
		738C72F51E93E34400A1B4E0 /* VideoListingParser.swift */ = {isa = PBXFileReference; fileEncoding = 4; lastKnownFileType = sourcecode.swift; path = VideoListingParser.swift; sourceTree = "<group>"; };
		738C89CD1EA5D12C001C9724 /* Login.storyboard */ = {isa = PBXFileReference; fileEncoding = 4; lastKnownFileType = file.storyboard; path = Login.storyboard; sourceTree = "<group>"; };
		738EEE6D1EA4BF3000A50038 /* AppNavigationHandler.swift */ = {isa = PBXFileReference; fileEncoding = 4; lastKnownFileType = sourcecode.swift; path = AppNavigationHandler.swift; sourceTree = "<group>"; };
		738EEE6F1EA4DD5300A50038 /* NavigationUtil.swift */ = {isa = PBXFileReference; fileEncoding = 4; lastKnownFileType = sourcecode.swift; path = NavigationUtil.swift; sourceTree = "<group>"; };
		738EEE721EA4FF5300A50038 /* ChildRegistrationController.swift */ = {isa = PBXFileReference; fileEncoding = 4; lastKnownFileType = sourcecode.swift; path = ChildRegistrationController.swift; sourceTree = "<group>"; };
		7392672A1E9E0BCB00D5ABC4 /* BaseViewControllerProtocol.swift */ = {isa = PBXFileReference; fileEncoding = 4; lastKnownFileType = sourcecode.swift; path = BaseViewControllerProtocol.swift; sourceTree = "<group>"; };
		7392A7831E94C95900A6ED32 /* HistoryDBManager.swift */ = {isa = PBXFileReference; fileEncoding = 4; lastKnownFileType = sourcecode.swift; path = HistoryDBManager.swift; sourceTree = "<group>"; };
		7392A7851E94C96200A6ED32 /* VideoDBManager.swift */ = {isa = PBXFileReference; fileEncoding = 4; lastKnownFileType = sourcecode.swift; path = VideoDBManager.swift; sourceTree = "<group>"; };
		7392A7871E94CEC700A6ED32 /* VideoListingDBManager.swift */ = {isa = PBXFileReference; fileEncoding = 4; lastKnownFileType = sourcecode.swift; path = VideoListingDBManager.swift; sourceTree = "<group>"; };
		7392A7891E951EAF00A6ED32 /* BundleConstants.swift */ = {isa = PBXFileReference; fileEncoding = 4; lastKnownFileType = sourcecode.swift; path = BundleConstants.swift; sourceTree = "<group>"; };
		73950B401E926E0F0026A7D9 /* BaseListingViewController.swift */ = {isa = PBXFileReference; fileEncoding = 4; lastKnownFileType = sourcecode.swift; path = BaseListingViewController.swift; sourceTree = "<group>"; };
		73967E7C1E893BF000A9A81B /* UICollectionViewExtension.swift */ = {isa = PBXFileReference; fileEncoding = 4; lastKnownFileType = sourcecode.swift; path = UICollectionViewExtension.swift; sourceTree = "<group>"; };
		7397BD9C1EA748C80048E177 /* AvatarSelectionController.swift */ = {isa = PBXFileReference; fileEncoding = 4; lastKnownFileType = sourcecode.swift; path = AvatarSelectionController.swift; sourceTree = "<group>"; };
		7399063B1E8E38CE009501AD /* NavigationManager.swift */ = {isa = PBXFileReference; fileEncoding = 4; lastKnownFileType = sourcecode.swift; path = NavigationManager.swift; sourceTree = "<group>"; };
		739A82541EA9DF7A008F9001 /* ChildCard.xib */ = {isa = PBXFileReference; fileEncoding = 4; lastKnownFileType = file.xib; path = ChildCard.xib; sourceTree = "<group>"; };
		739A82561EA9DFD2008F9001 /* ChildCard.swift */ = {isa = PBXFileReference; fileEncoding = 4; lastKnownFileType = sourcecode.swift; path = ChildCard.swift; sourceTree = "<group>"; };
		739A82581EA9EE92008F9001 /* AvatarModel.swift */ = {isa = PBXFileReference; fileEncoding = 4; lastKnownFileType = sourcecode.swift; path = AvatarModel.swift; sourceTree = "<group>"; };
		739A825A1EAA0FA3008F9001 /* AvatarParser.swift */ = {isa = PBXFileReference; fileEncoding = 4; lastKnownFileType = sourcecode.swift; path = AvatarParser.swift; sourceTree = "<group>"; };
		739A825C1EAA19B8008F9001 /* AvatarDBManager.swift */ = {isa = PBXFileReference; fileEncoding = 4; lastKnownFileType = sourcecode.swift; path = AvatarDBManager.swift; sourceTree = "<group>"; };
		73A3BB201E960AEF00D2487A /* AppConstants.swift */ = {isa = PBXFileReference; fileEncoding = 4; lastKnownFileType = sourcecode.swift; path = AppConstants.swift; sourceTree = "<group>"; };
		73B657511E8BCFAD00E7D582 /* BaseViewController.swift */ = {isa = PBXFileReference; fileEncoding = 4; lastKnownFileType = sourcecode.swift; path = BaseViewController.swift; sourceTree = "<group>"; };
		73B657531E8BD9C500E7D582 /* MainControllerCommunicator.swift */ = {isa = PBXFileReference; fileEncoding = 4; lastKnownFileType = sourcecode.swift; path = MainControllerCommunicator.swift; sourceTree = "<group>"; };
		73DA44691EA60CF600EF2C00 /* PaymentPageController.swift */ = {isa = PBXFileReference; fileEncoding = 4; lastKnownFileType = sourcecode.swift; path = PaymentPageController.swift; sourceTree = "<group>"; };
		73DA446B1EA61DFF00EF2C00 /* FreeTrialController.swift */ = {isa = PBXFileReference; fileEncoding = 4; lastKnownFileType = sourcecode.swift; path = FreeTrialController.swift; sourceTree = "<group>"; };
		73DA446D1EA6378500EF2C00 /* CrossButton.xib */ = {isa = PBXFileReference; fileEncoding = 4; lastKnownFileType = file.xib; path = CrossButton.xib; sourceTree = "<group>"; };
		73DA446F1EA63BA500EF2C00 /* CrossButton.swift */ = {isa = PBXFileReference; fileEncoding = 4; lastKnownFileType = sourcecode.swift; path = CrossButton.swift; sourceTree = "<group>"; };
		73F43B031E82465800D4DD90 /* PageDataPref.swift */ = {isa = PBXFileReference; fileEncoding = 4; lastKnownFileType = sourcecode.swift; path = PageDataPref.swift; sourceTree = "<group>"; };
		73F43B051E82739D00D4DD90 /* ContentListingApiResponseModel.swift */ = {isa = PBXFileReference; fileEncoding = 4; lastKnownFileType = sourcecode.swift; path = ContentListingApiResponseModel.swift; sourceTree = "<group>"; };
		F46267101E77AF0900302ACF /* LoginParser.swift */ = {isa = PBXFileReference; fileEncoding = 4; lastKnownFileType = sourcecode.swift; path = LoginParser.swift; sourceTree = "<group>"; };
		F46267121E77AF7000302ACF /* UserInfo.swift */ = {isa = PBXFileReference; fileEncoding = 4; lastKnownFileType = sourcecode.swift; path = UserInfo.swift; sourceTree = "<group>"; };
		F46267141E77AFB000302ACF /* ChildInfo.swift */ = {isa = PBXFileReference; fileEncoding = 4; lastKnownFileType = sourcecode.swift; path = ChildInfo.swift; sourceTree = "<group>"; };
		F46267161E77B0DA00302ACF /* StringUtil.swift */ = {isa = PBXFileReference; fileEncoding = 4; lastKnownFileType = sourcecode.swift; path = StringUtil.swift; sourceTree = "<group>"; };
		F46267181E77B1A600302ACF /* PreChatFormField.swift */ = {isa = PBXFileReference; fileEncoding = 4; lastKnownFileType = sourcecode.swift; path = PreChatFormField.swift; sourceTree = "<group>"; };
		F48798F11E77E9AF0060932F /* AbsPrefs.swift */ = {isa = PBXFileReference; fileEncoding = 4; lastKnownFileType = sourcecode.swift; path = AbsPrefs.swift; sourceTree = "<group>"; };
		F48798F31E77F36F0060932F /* Prefs.swift */ = {isa = PBXFileReference; fileEncoding = 4; lastKnownFileType = sourcecode.swift; path = Prefs.swift; sourceTree = "<group>"; };
/* End PBXFileReference section */

/* Begin PBXFrameworksBuildPhase section */
		0AAD2EF61E5C48EF00B504A3 /* Frameworks */ = {
			isa = PBXFrameworksBuildPhase;
			buildActionMask = 2147483647;
			files = (
				705E7BC21E700AB30086BC60 /* CoreData.framework in Frameworks */,
				54D641501B11786A1C496324 /* Pods_APPYSTORE.framework in Frameworks */,
			);
			runOnlyForDeploymentPostprocessing = 0;
		};
/* End PBXFrameworksBuildPhase section */

/* Begin PBXGroup section */
		0A656BBE1E5DB73F000E5BB2 /* common */ = {
			isa = PBXGroup;
			children = (
				7365F3941E92612D006B3C75 /* MainController.swift */,
				0A7261611E6D30880023883F /* customView */,
				0A72615B1E6D30480023883F /* extension */,
				70AD5ADD1E6E7129003C2536 /* BaseParser.swift */,
				73B657511E8BCFAD00E7D582 /* BaseViewController.swift */,
				70AD5ADE1E6E7129003C2536 /* BaseModel.swift */,
				70AD5ADF1E6E7129003C2536 /* PageConstants.swift */,
				7392A7891E951EAF00A6ED32 /* BundleConstants.swift */,
				7376DE6F1E812D9C00D68BAE /* DataFetchFramework.swift */,
				70AD5AE01E6E7129003C2536 /* HttpRequestBuilder.swift */,
				70AD5AE11E6E7129003C2536 /* DataManager.swift */,
				70AD5AE21E6E7129003C2536 /* HttpConnection.swift */,
				0A8F79091E6971D300720DB8 /* VideoCategoryCard.xib */,
				0A8F790B1E6971FD00720DB8 /* VideoCategoryCard.swift */,
				706B34F91E6FE9F4008474EA /* BaseDBManager.swift */,
				0A5374A91E606B9700F198AD /* DimensionManager.swift */,
				7360D8871E7A8C8400C662DE /* ParserListener.swift */,
				7360D8891E7A947500C662DE /* LoginParserListener.swift */,
				73B657531E8BD9C500E7D582 /* MainControllerCommunicator.swift */,
				7399063B1E8E38CE009501AD /* NavigationManager.swift */,
				73950B401E926E0F0026A7D9 /* BaseListingViewController.swift */,
				7371FA031E936B7B009241FF /* VideoPlayerViewController.swift */,
				7371FA091E93D454009241FF /* VideoPlayerController.swift */,
				737E28271E94F409008CEC26 /* PlayerModel.swift */,
				73A3BB201E960AEF00D2487A /* AppConstants.swift */,
				73754E051E975969001DD942 /* MainControllerUIDelegate.swift */,
				7370B8201E9DED3B00D91ABA /* RecommendedVideoViewController.swift */,
				7370B8221E9DF4F600D91ABA /* RecommendedVideoParser.swift */,
				73754E071E978474001DD942 /* ComponentProperties.swift */,
				7392672A1E9E0BCB00D5ABC4 /* BaseViewControllerProtocol.swift */,
				7370B8241E9E421300D91ABA /* BaseCard.swift */,
				73DA44691EA60CF600EF2C00 /* PaymentPageController.swift */,
				73DA446B1EA61DFF00EF2C00 /* FreeTrialController.swift */,
				738EEE6D1EA4BF3000A50038 /* AppNavigationHandler.swift */,
				738EEE6F1EA4DD5300A50038 /* NavigationUtil.swift */,
				736DC0C11EA9CDC700347CBA /* LayerColor.swift */,
			);
			path = common;
			sourceTree = "<group>";
		};
		0A72615B1E6D30480023883F /* extension */ = {
			isa = PBXGroup;
			children = (
				0A74B98D1E71143200B7A67D /* UIViewExtention.swift */,
				0A72615C1E6D30600023883F /* StringExtension.swift */,
				0A72615D1E6D30600023883F /* UIColorExtension.swift */,
				0A5E1C631E701C2D00537F84 /* UILabelExtension.swift */,
				7371A2E21E7BB293009B2894 /* ArrayExtension.swift */,
				73967E7C1E893BF000A9A81B /* UICollectionViewExtension.swift */,
				736D42861E9F544F00ACDD0F /* UITextFieldExtension.swift */,
				737232091EA64B4E001A3106 /* UIToolbarExtention.swift */,
			);
			name = extension;
			sourceTree = "<group>";
		};
		0A7261611E6D30880023883F /* customView */ = {
			isa = PBXGroup;
			children = (
				739A82531EA9DF36008F9001 /* cards */,
				7371F9F51E936866009241FF /* fab */,
				736A40FA1E891A3000A4C038 /* VideoListingCard.swift */,
				736A40FB1E891A3000A4C038 /* VideoListingCard.xib */,
				0A7261621E6D30AE0023883F /* CustomButton.swift */,
				0A80DA1F1E702C5E00939443 /* TopBarOverlay.xib */,
				0A80DA211E702CA500939443 /* TopBarOverlay.swift */,
				0A80DA231E702CC100939443 /* BottomBarOverlay.xib */,
				0A80DA251E702DA700939443 /* BottomBarOverlay.swift */,
				73638FAB1E8A57EC0089619B /* CustomViewLayer.swift */,
				7366E8941E8D23BA002A09F2 /* CustomLabel.swift */,
				736D42881E9F57DC00ACDD0F /* CustomTextField.swift */,
				7371FA051E939F1D009241FF /* VideoPlayer.xib */,
				7371FA071E93AC53009241FF /* VideoPlayer.swift */,
				7370B81C1E9DE2A400D91ABA /* RecommendedVideoCard.xib */,
				7370B81E1E9DE99100D91ABA /* RecommendedVideoCard.swift */,
				736D428F1E9FC2F100ACDD0F /* TagsCard.xib */,
				736D428E1E9FC2F100ACDD0F /* TagsCard.swift */,
				73DA446D1EA6378500EF2C00 /* CrossButton.xib */,
				73DA446F1EA63BA500EF2C00 /* CrossButton.swift */,
			);
			name = customView;
			sourceTree = "<group>";
		};
		0AAD2EF01E5C48EF00B504A3 = {
			isa = PBXGroup;
			children = (
				0AAD2EFB1E5C48EF00B504A3 /* APPYSTORE */,
				0AAD2EFA1E5C48EF00B504A3 /* Products */,
				42AA9E62BAC21F127E08DD72 /* Pods */,
				1AC432C70764F0B22613230D /* Frameworks */,
			);
			sourceTree = "<group>";
		};
		0AAD2EFA1E5C48EF00B504A3 /* Products */ = {
			isa = PBXGroup;
			children = (
				0AAD2EF91E5C48EF00B504A3 /* APPYSTORE.app */,
			);
			name = Products;
			sourceTree = "<group>";
		};
		0AAD2EFB1E5C48EF00B504A3 /* APPYSTORE */ = {
			isa = PBXGroup;
			children = (
				707FD8171E7140A400948BEA /* Util.swift */,
				0A656BBE1E5DB73F000E5BB2 /* common */,
				0AD5536D1E5DA958005ECA4A /* page */,
				0AAD2EFC1E5C48EF00B504A3 /* AppDelegate.swift */,
				70A36E4A1E614722002B9296 /* Assets.xcassets */,
				0A5E1C611E701ACA00537F84 /* kg_miss_kindy_chunky.ttf */,
				706B0B9A1E73D392006CF8CA /* AnimationView.swift */,
				0AAD2F001E5C48EF00B504A3 /* Main.storyboard */,
				0AAD2F081E5C48EF00B504A3 /* LaunchScreen.storyboard */,
				0AAD2F0B1E5C48EF00B504A3 /* Info.plist */,
				0AAD2F031E5C48EF00B504A3 /* APPYSTORE.xcdatamodeld */,
				F46267101E77AF0900302ACF /* LoginParser.swift */,
				F46267121E77AF7000302ACF /* UserInfo.swift */,
				F46267141E77AFB000302ACF /* ChildInfo.swift */,
				F46267161E77B0DA00302ACF /* StringUtil.swift */,
				F46267181E77B1A600302ACF /* PreChatFormField.swift */,
				F48798F11E77E9AF0060932F /* AbsPrefs.swift */,
				F48798F31E77F36F0060932F /* Prefs.swift */,
				73F43B031E82465800D4DD90 /* PageDataPref.swift */,
				73F43B051E82739D00D4DD90 /* ContentListingApiResponseModel.swift */,
				738C89CD1EA5D12C001C9724 /* Login.storyboard */,
			);
			path = APPYSTORE;
			sourceTree = "<group>";
		};
		0AD5536D1E5DA958005ECA4A /* page */ = {
			isa = PBXGroup;
			children = (
				738EEE711EA4FEEF00A50038 /* loginAndRegistration */,
				73754E091E9795F3001DD942 /* search */,
				70A36E521E6160BD002B9296 /* history */,
				0AD5536E1E5DA958005ECA4A /* video */,
			);
			path = page;
			sourceTree = "<group>";
		};
		0AD5536E1E5DA958005ECA4A /* video */ = {
			isa = PBXGroup;
			children = (
				7365F3911E926028006B3C75 /* listing */,
				0AD5536F1E5DA958005ECA4A /* category */,
			);
			path = video;
			sourceTree = "<group>";
		};
		0AD5536F1E5DA958005ECA4A /* category */ = {
			isa = PBXGroup;
			children = (
				7392A7851E94C96200A6ED32 /* VideoDBManager.swift */,
				0A8A58A51E683F2100A93DD2 /* VideoCategoryController.swift */,
				0A65E25F1E6EC11400F538B5 /* VideoCategoryParser.swift */,
				0A65E26D1E6EDF1E00F538B5 /* VideoCategoryModel.swift */,
			);
			path = category;
			sourceTree = "<group>";
		};
		1AC432C70764F0B22613230D /* Frameworks */ = {
			isa = PBXGroup;
			children = (
				705E7BC11E700AB30086BC60 /* CoreData.framework */,
				0A65E26A1E6EC99F00F538B5 /* SwiftyJSON.framework */,
				0A65E2681E6EC99400F538B5 /* KCFloatingActionButton.framework */,
				0A65E2661E6EC97E00F538B5 /* Alamofire.framework */,
				0A65E2641E6EC97300F538B5 /* SDWebImage.framework */,
				4E463C3A36DD3D2DE33CC294 /* Pods_APPYSTORE.framework */,
			);
			name = Frameworks;
			sourceTree = "<group>";
		};
		42AA9E62BAC21F127E08DD72 /* Pods */ = {
			isa = PBXGroup;
			children = (
				449AB76A8F3659A0A4381CF8 /* Pods-APPYSTORE.debug.xcconfig */,
				4235255AFD5AB3DCC9C949D5 /* Pods-APPYSTORE.release.xcconfig */,
			);
			name = Pods;
			sourceTree = "<group>";
		};
		70A36E521E6160BD002B9296 /* history */ = {
			isa = PBXGroup;
			children = (
				7392A7831E94C95900A6ED32 /* HistoryDBManager.swift */,
				70AD5AE91E6E71CD003C2536 /* HistoryController.swift */,
				70AD5AEA1E6E71CD003C2536 /* VideoListingModel.swift */,
				70AD5AEB1E6E71CD003C2536 /* HistoryVideoCell.swift */,
				70AD5AEC1E6E71CD003C2536 /* HistoryParser.swift */,
			);
			name = history;
			sourceTree = "<group>";
		};
		7365F3911E926028006B3C75 /* listing */ = {
			isa = PBXGroup;
			children = (
				7365F3921E92603A006B3C75 /* VideoListingController.swift */,
				738C72F51E93E34400A1B4E0 /* VideoListingParser.swift */,
				7392A7871E94CEC700A6ED32 /* VideoListingDBManager.swift */,
			);
			name = listing;
			sourceTree = "<group>";
		};
		7371F9F51E936866009241FF /* fab */ = {
			isa = PBXGroup;
			children = (
				7371F9F61E936898009241FF /* KCFABManager.swift */,
				7371F9F71E936898009241FF /* KCFABViewController.swift */,
				7371F9F81E936898009241FF /* KCFABWindow.swift */,
				7371F9F91E936898009241FF /* KCFloatingActionButton.h */,
				7371F9FA1E936898009241FF /* KCFloatingActionButton.swift */,
				7371F9FB1E936898009241FF /* KCFloatingActionButtonDelegate.swift */,
				7371F9FC1E936898009241FF /* KCFloatingActionButtonItem.swift */,
			);
			name = fab;
			sourceTree = "<group>";
		};
		73754E091E9795F3001DD942 /* search */ = {
			isa = PBXGroup;
			children = (
				70AD5AF11E6E7360003C2536 /* SearchResultController.swift */,
				73754E0A1E97B027001DD942 /* SearchTagsController.swift */,
				7362A5E71E9C99E300DA4C91 /* SearchResultParser.swift */,
				736D428A1E9FA45700ACDD0F /* SearchTagsParser.swift */,
				736D428C1E9FAB2F00ACDD0F /* SearchTagsModel.swift */,
			);
			name = search;
			sourceTree = "<group>";
		};
		738EEE711EA4FEEF00A50038 /* loginAndRegistration */ = {
			isa = PBXGroup;
			children = (
				738EEE721EA4FF5300A50038 /* ChildRegistrationController.swift */,
				7397BD9C1EA748C80048E177 /* AvatarSelectionController.swift */,
				739A82581EA9EE92008F9001 /* AvatarModel.swift */,
				739A825A1EAA0FA3008F9001 /* AvatarParser.swift */,
				739A825C1EAA19B8008F9001 /* AvatarDBManager.swift */,
			);
			name = loginAndRegistration;
			sourceTree = "<group>";
		};
		739A82531EA9DF36008F9001 /* cards */ = {
			isa = PBXGroup;
			children = (
				739A82541EA9DF7A008F9001 /* ChildCard.xib */,
				739A82561EA9DFD2008F9001 /* ChildCard.swift */,
			);
			name = cards;
			sourceTree = "<group>";
		};
/* End PBXGroup section */

/* Begin PBXNativeTarget section */
		0AAD2EF81E5C48EF00B504A3 /* APPYSTORE */ = {
			isa = PBXNativeTarget;
			buildConfigurationList = 0AAD2F0E1E5C48EF00B504A3 /* Build configuration list for PBXNativeTarget "APPYSTORE" */;
			buildPhases = (
				2ED8286169A1E0918C2A92A9 /* [CP] Check Pods Manifest.lock */,
				0AAD2EF51E5C48EF00B504A3 /* Sources */,
				0AAD2EF61E5C48EF00B504A3 /* Frameworks */,
				0AAD2EF71E5C48EF00B504A3 /* Resources */,
				55FFFC6B5603DAAC4B1C11FF /* [CP] Embed Pods Frameworks */,
				BB479141FEEF8BD4124DFED3 /* [CP] Copy Pods Resources */,
			);
			buildRules = (
			);
			dependencies = (
			);
			name = APPYSTORE;
			productName = APPYSTORE;
			productReference = 0AAD2EF91E5C48EF00B504A3 /* APPYSTORE.app */;
			productType = "com.apple.product-type.application";
		};
/* End PBXNativeTarget section */

/* Begin PBXProject section */
		0AAD2EF11E5C48EF00B504A3 /* Project object */ = {
			isa = PBXProject;
			attributes = {
				LastSwiftUpdateCheck = 0810;
				LastUpgradeCheck = 0820;
				ORGANIZATIONNAME = "MAUJ MOBILE PVT LTD";
				TargetAttributes = {
					0AAD2EF81E5C48EF00B504A3 = {
						CreatedOnToolsVersion = 8.1;
						DevelopmentTeam = PA2R53J5C8;
						ProvisioningStyle = Automatic;
					};
				};
			};
			buildConfigurationList = 0AAD2EF41E5C48EF00B504A3 /* Build configuration list for PBXProject "APPYSTORE" */;
			compatibilityVersion = "Xcode 3.2";
			developmentRegion = English;
			hasScannedForEncodings = 0;
			knownRegions = (
				en,
				Base,
			);
			mainGroup = 0AAD2EF01E5C48EF00B504A3;
			productRefGroup = 0AAD2EFA1E5C48EF00B504A3 /* Products */;
			projectDirPath = "";
			projectRoot = "";
			targets = (
				0AAD2EF81E5C48EF00B504A3 /* APPYSTORE */,
			);
		};
/* End PBXProject section */

/* Begin PBXResourcesBuildPhase section */
		0AAD2EF71E5C48EF00B504A3 /* Resources */ = {
			isa = PBXResourcesBuildPhase;
			buildActionMask = 2147483647;
			files = (
				0AAD2F0A1E5C48EF00B504A3 /* LaunchScreen.storyboard in Resources */,
				7370B81D1E9DE2A400D91ABA /* RecommendedVideoCard.xib in Resources */,
				739A82551EA9DF7B008F9001 /* ChildCard.xib in Resources */,
				0A80DA241E702CC100939443 /* BottomBarOverlay.xib in Resources */,
				73DA446E1EA6378500EF2C00 /* CrossButton.xib in Resources */,
				736A40FD1E891A3000A4C038 /* VideoListingCard.xib in Resources */,
				70A36E4D1E6148BE002B9296 /* CommonOverlayView.xib in Resources */,
				0A5E1C651E7026B800537F84 /* kg_miss_kindy_chunky.ttf in Resources */,
				736D42911E9FC2F100ACDD0F /* TagsCard.xib in Resources */,
				0A8F790A1E6971D300720DB8 /* VideoCategoryCard.xib in Resources */,
				7371FA061E939F1D009241FF /* VideoPlayer.xib in Resources */,
				70A36E4B1E614722002B9296 /* Assets.xcassets in Resources */,
				0AAD2F021E5C48EF00B504A3 /* Main.storyboard in Resources */,
				0A80DA201E702C5E00939443 /* TopBarOverlay.xib in Resources */,
				738C89CE1EA5D12C001C9724 /* Login.storyboard in Resources */,
			);
			runOnlyForDeploymentPostprocessing = 0;
		};
/* End PBXResourcesBuildPhase section */

/* Begin PBXShellScriptBuildPhase section */
		2ED8286169A1E0918C2A92A9 /* [CP] Check Pods Manifest.lock */ = {
			isa = PBXShellScriptBuildPhase;
			buildActionMask = 2147483647;
			files = (
			);
			inputPaths = (
			);
			name = "[CP] Check Pods Manifest.lock";
			outputPaths = (
			);
			runOnlyForDeploymentPostprocessing = 0;
			shellPath = /bin/sh;
			shellScript = "diff \"${PODS_ROOT}/../Podfile.lock\" \"${PODS_ROOT}/Manifest.lock\" > /dev/null\nif [ $? != 0 ] ; then\n    # print error to STDERR\n    echo \"error: The sandbox is not in sync with the Podfile.lock. Run 'pod install' or update your CocoaPods installation.\" >&2\n    exit 1\nfi\n";
			showEnvVarsInLog = 0;
		};
		55FFFC6B5603DAAC4B1C11FF /* [CP] Embed Pods Frameworks */ = {
			isa = PBXShellScriptBuildPhase;
			buildActionMask = 2147483647;
			files = (
			);
			inputPaths = (
			);
			name = "[CP] Embed Pods Frameworks";
			outputPaths = (
			);
			runOnlyForDeploymentPostprocessing = 0;
			shellPath = /bin/sh;
			shellScript = "\"${SRCROOT}/Pods/Target Support Files/Pods-APPYSTORE/Pods-APPYSTORE-frameworks.sh\"\n";
			showEnvVarsInLog = 0;
		};
		BB479141FEEF8BD4124DFED3 /* [CP] Copy Pods Resources */ = {
			isa = PBXShellScriptBuildPhase;
			buildActionMask = 2147483647;
			files = (
			);
			inputPaths = (
			);
			name = "[CP] Copy Pods Resources";
			outputPaths = (
			);
			runOnlyForDeploymentPostprocessing = 0;
			shellPath = /bin/sh;
			shellScript = "\"${SRCROOT}/Pods/Target Support Files/Pods-APPYSTORE/Pods-APPYSTORE-resources.sh\"\n";
			showEnvVarsInLog = 0;
		};
/* End PBXShellScriptBuildPhase section */

/* Begin PBXSourcesBuildPhase section */
		0AAD2EF51E5C48EF00B504A3 /* Sources */ = {
			isa = PBXSourcesBuildPhase;
			buildActionMask = 2147483647;
			files = (
				F48798F41E77F36F0060932F /* Prefs.swift in Sources */,
				7371F9FD1E936898009241FF /* KCFABManager.swift in Sources */,
				F48798F21E77E9AF0060932F /* AbsPrefs.swift in Sources */,
				739A825D1EAA19B8008F9001 /* AvatarDBManager.swift in Sources */,
				7370B8251E9E421300D91ABA /* BaseCard.swift in Sources */,
				0A80DA221E702CA500939443 /* TopBarOverlay.swift in Sources */,
				7392672B1E9E0BCB00D5ABC4 /* BaseViewControllerProtocol.swift in Sources */,
				7365F3951E92612D006B3C75 /* MainController.swift in Sources */,
				7371FA001E936898009241FF /* KCFloatingActionButton.swift in Sources */,
				7371FA081E93AC53009241FF /* VideoPlayer.swift in Sources */,
				736D428D1E9FAB2F00ACDD0F /* SearchTagsModel.swift in Sources */,
				70AD5AED1E6E71CD003C2536 /* HistoryController.swift in Sources */,
				73DA44701EA63BA500EF2C00 /* CrossButton.swift in Sources */,
				F46267111E77AF0900302ACF /* LoginParser.swift in Sources */,
				0A74B98E1E71143200B7A67D /* UIViewExtention.swift in Sources */,
				738EEE731EA4FF5300A50038 /* ChildRegistrationController.swift in Sources */,
				737E28281E94F409008CEC26 /* PlayerModel.swift in Sources */,
				73B657541E8BD9C500E7D582 /* MainControllerCommunicator.swift in Sources */,
				739A82571EA9DFD2008F9001 /* ChildCard.swift in Sources */,
				7371F9FF1E936898009241FF /* KCFABWindow.swift in Sources */,
				7370B8211E9DED3B00D91ABA /* RecommendedVideoViewController.swift in Sources */,
				73A3BB211E960AEF00D2487A /* AppConstants.swift in Sources */,
				70AD5AF01E6E71CD003C2536 /* HistoryParser.swift in Sources */,
				70AD5AE71E6E7129003C2536 /* DataManager.swift in Sources */,
				7371FA011E936898009241FF /* KCFloatingActionButtonDelegate.swift in Sources */,
				0A80DA261E702DA700939443 /* BottomBarOverlay.swift in Sources */,
				73754E0B1E97B027001DD942 /* SearchTagsController.swift in Sources */,
				739A825B1EAA0FA3008F9001 /* AvatarParser.swift in Sources */,
				73F43B041E82465800D4DD90 /* PageDataPref.swift in Sources */,
				7392A7881E94CEC700A6ED32 /* VideoListingDBManager.swift in Sources */,
				7371FA021E936898009241FF /* KCFloatingActionButtonItem.swift in Sources */,
				7399063C1E8E38CE009501AD /* NavigationManager.swift in Sources */,
				0A65E2601E6EC11400F538B5 /* VideoCategoryParser.swift in Sources */,
				0A72615F1E6D30600023883F /* UIColorExtension.swift in Sources */,
				738EEE701EA4DD5300A50038 /* NavigationUtil.swift in Sources */,
				707FD8181E7140A400948BEA /* Util.swift in Sources */,
				706B0B9B1E73D392006CF8CA /* AnimationView.swift in Sources */,
				7362A5E81E9C99E300DA4C91 /* SearchResultParser.swift in Sources */,
				70AD5AE31E6E7129003C2536 /* BaseParser.swift in Sources */,
				7376DE701E812D9C00D68BAE /* DataFetchFramework.swift in Sources */,
				7371FA041E936B7B009241FF /* VideoPlayerViewController.swift in Sources */,
				73950B411E926E0F0026A7D9 /* BaseListingViewController.swift in Sources */,
				73DA446A1EA60CF600EF2C00 /* PaymentPageController.swift in Sources */,
				7397BD9D1EA748C80048E177 /* AvatarSelectionController.swift in Sources */,
				7392A78A1E951EAF00A6ED32 /* BundleConstants.swift in Sources */,
				73F43B061E82739D00D4DD90 /* ContentListingApiResponseModel.swift in Sources */,
				706B34FA1E6FE9F4008474EA /* BaseDBManager.swift in Sources */,
				70AD5AE81E6E7129003C2536 /* HttpConnection.swift in Sources */,
				736DC0C21EA9CDC700347CBA /* LayerColor.swift in Sources */,
				73B657521E8BCFAD00E7D582 /* BaseViewController.swift in Sources */,
				7392A7861E94C96200A6ED32 /* VideoDBManager.swift in Sources */,
				738EEE6E1EA4BF3000A50038 /* AppNavigationHandler.swift in Sources */,
				0A8F790C1E6971FD00720DB8 /* VideoCategoryCard.swift in Sources */,
				7371F9FE1E936898009241FF /* KCFABViewController.swift in Sources */,
				739A82591EA9EE92008F9001 /* AvatarModel.swift in Sources */,
				0A5E1C641E701C2D00537F84 /* UILabelExtension.swift in Sources */,
				738C72F61E93E34400A1B4E0 /* VideoListingParser.swift in Sources */,
				73754E061E975969001DD942 /* MainControllerUIDelegate.swift in Sources */,
				F46267151E77AFB000302ACF /* ChildInfo.swift in Sources */,
				70AD5AE51E6E7129003C2536 /* PageConstants.swift in Sources */,
				70A36E4F1E6149C0002B9296 /* CommonOverlayView.swift in Sources */,
				70AD5AEF1E6E71CD003C2536 /* HistoryVideoCell.swift in Sources */,
				7370B8231E9DF4F600D91ABA /* RecommendedVideoParser.swift in Sources */,
				736D428B1E9FA45700ACDD0F /* SearchTagsParser.swift in Sources */,
				0AAD2EFD1E5C48EF00B504A3 /* AppDelegate.swift in Sources */,
				70AD5AE41E6E7129003C2536 /* BaseModel.swift in Sources */,
				7365F3931E92603A006B3C75 /* VideoListingController.swift in Sources */,
				F46267171E77B0DA00302ACF /* StringUtil.swift in Sources */,
				0A5374AA1E606B9700F198AD /* DimensionManager.swift in Sources */,
				0AAD2F051E5C48EF00B504A3 /* APPYSTORE.xcdatamodeld in Sources */,
				0A72615E1E6D30600023883F /* StringExtension.swift in Sources */,
				70AD5AF21E6E7360003C2536 /* SearchResultController.swift in Sources */,
				F46267191E77B1A600302ACF /* PreChatFormField.swift in Sources */,
				736D42901E9FC2F100ACDD0F /* TagsCard.swift in Sources */,
				73638FAC1E8A57EC0089619B /* CustomViewLayer.swift in Sources */,
				70AD5AE61E6E7129003C2536 /* HttpRequestBuilder.swift in Sources */,
				7392A7841E94C95900A6ED32 /* HistoryDBManager.swift in Sources */,
				736A40FC1E891A3000A4C038 /* VideoListingCard.swift in Sources */,
				F46267131E77AF7000302ACF /* UserInfo.swift in Sources */,
				73754E081E978474001DD942 /* ComponentProperties.swift in Sources */,
				7360D8881E7A8C8400C662DE /* ParserListener.swift in Sources */,
				7366E8951E8D23BA002A09F2 /* CustomLabel.swift in Sources */,
				70AD5AEE1E6E71CD003C2536 /* VideoListingModel.swift in Sources */,
				0A8A58A61E683F2100A93DD2 /* VideoCategoryController.swift in Sources */,
				736D42891E9F57DC00ACDD0F /* CustomTextField.swift in Sources */,
				0A7261631E6D30AE0023883F /* CustomButton.swift in Sources */,
				736D42871E9F544F00ACDD0F /* UITextFieldExtension.swift in Sources */,
				7371A2E31E7BB293009B2894 /* ArrayExtension.swift in Sources */,
				7360D88A1E7A947500C662DE /* LoginParserListener.swift in Sources */,
				73967E7D1E893BF100A9A81B /* UICollectionViewExtension.swift in Sources */,
				0A65E26E1E6EDF1E00F538B5 /* VideoCategoryModel.swift in Sources */,
				7371FA0A1E93D454009241FF /* VideoPlayerController.swift in Sources */,
				73DA446C1EA61DFF00EF2C00 /* FreeTrialController.swift in Sources */,
				7372320A1EA64B4E001A3106 /* UIToolbarExtention.swift in Sources */,
				7370B81F1E9DE99100D91ABA /* RecommendedVideoCard.swift in Sources */,
			);
			runOnlyForDeploymentPostprocessing = 0;
		};
/* End PBXSourcesBuildPhase section */

/* Begin PBXVariantGroup section */
		0AAD2F001E5C48EF00B504A3 /* Main.storyboard */ = {
			isa = PBXVariantGroup;
			children = (
				0AAD2F011E5C48EF00B504A3 /* Base */,
			);
			name = Main.storyboard;
			sourceTree = "<group>";
		};
		0AAD2F081E5C48EF00B504A3 /* LaunchScreen.storyboard */ = {
			isa = PBXVariantGroup;
			children = (
				0AAD2F091E5C48EF00B504A3 /* Base */,
			);
			name = LaunchScreen.storyboard;
			sourceTree = "<group>";
		};
/* End PBXVariantGroup section */

/* Begin XCBuildConfiguration section */
		0AAD2F0C1E5C48EF00B504A3 /* Debug */ = {
			isa = XCBuildConfiguration;
			buildSettings = {
				ALWAYS_SEARCH_USER_PATHS = NO;
				CLANG_ANALYZER_NONNULL = YES;
				CLANG_CXX_LANGUAGE_STANDARD = "gnu++0x";
				CLANG_CXX_LIBRARY = "libc++";
				CLANG_ENABLE_MODULES = YES;
				CLANG_ENABLE_OBJC_ARC = YES;
				CLANG_WARN_BOOL_CONVERSION = YES;
				CLANG_WARN_CONSTANT_CONVERSION = YES;
				CLANG_WARN_DIRECT_OBJC_ISA_USAGE = YES_ERROR;
				CLANG_WARN_DOCUMENTATION_COMMENTS = YES;
				CLANG_WARN_EMPTY_BODY = YES;
				CLANG_WARN_ENUM_CONVERSION = YES;
				CLANG_WARN_INFINITE_RECURSION = YES;
				CLANG_WARN_INT_CONVERSION = YES;
				CLANG_WARN_OBJC_ROOT_CLASS = YES_ERROR;
				CLANG_WARN_SUSPICIOUS_MOVE = YES;
				CLANG_WARN_SUSPICIOUS_MOVES = YES;
				CLANG_WARN_UNREACHABLE_CODE = YES;
				CLANG_WARN__DUPLICATE_METHOD_MATCH = YES;
				"CODE_SIGN_IDENTITY[sdk=iphoneos*]" = "iPhone Developer";
				COPY_PHASE_STRIP = NO;
				DEBUG_INFORMATION_FORMAT = dwarf;
				ENABLE_STRICT_OBJC_MSGSEND = YES;
				ENABLE_TESTABILITY = YES;
				GCC_C_LANGUAGE_STANDARD = gnu99;
				GCC_DYNAMIC_NO_PIC = NO;
				GCC_NO_COMMON_BLOCKS = YES;
				GCC_OPTIMIZATION_LEVEL = 0;
				GCC_PREPROCESSOR_DEFINITIONS = (
					"DEBUG=1",
					"$(inherited)",
				);
				GCC_WARN_64_TO_32_BIT_CONVERSION = YES;
				GCC_WARN_ABOUT_RETURN_TYPE = YES_ERROR;
				GCC_WARN_UNDECLARED_SELECTOR = YES;
				GCC_WARN_UNINITIALIZED_AUTOS = YES_AGGRESSIVE;
				GCC_WARN_UNUSED_FUNCTION = YES;
				GCC_WARN_UNUSED_VARIABLE = YES;
				IPHONEOS_DEPLOYMENT_TARGET = 10.1;
				MTL_ENABLE_DEBUG_INFO = YES;
				ONLY_ACTIVE_ARCH = YES;
				SDKROOT = iphoneos;
				SWIFT_ACTIVE_COMPILATION_CONDITIONS = DEBUG;
				SWIFT_OPTIMIZATION_LEVEL = "-Onone";
				TARGETED_DEVICE_FAMILY = "1,2";
			};
			name = Debug;
		};
		0AAD2F0D1E5C48EF00B504A3 /* Release */ = {
			isa = XCBuildConfiguration;
			buildSettings = {
				ALWAYS_SEARCH_USER_PATHS = NO;
				CLANG_ANALYZER_NONNULL = YES;
				CLANG_CXX_LANGUAGE_STANDARD = "gnu++0x";
				CLANG_CXX_LIBRARY = "libc++";
				CLANG_ENABLE_MODULES = YES;
				CLANG_ENABLE_OBJC_ARC = YES;
				CLANG_WARN_BOOL_CONVERSION = YES;
				CLANG_WARN_CONSTANT_CONVERSION = YES;
				CLANG_WARN_DIRECT_OBJC_ISA_USAGE = YES_ERROR;
				CLANG_WARN_DOCUMENTATION_COMMENTS = YES;
				CLANG_WARN_EMPTY_BODY = YES;
				CLANG_WARN_ENUM_CONVERSION = YES;
				CLANG_WARN_INFINITE_RECURSION = YES;
				CLANG_WARN_INT_CONVERSION = YES;
				CLANG_WARN_OBJC_ROOT_CLASS = YES_ERROR;
				CLANG_WARN_SUSPICIOUS_MOVE = YES;
				CLANG_WARN_SUSPICIOUS_MOVES = YES;
				CLANG_WARN_UNREACHABLE_CODE = YES;
				CLANG_WARN__DUPLICATE_METHOD_MATCH = YES;
				"CODE_SIGN_IDENTITY[sdk=iphoneos*]" = "iPhone Developer";
				COPY_PHASE_STRIP = NO;
				DEBUG_INFORMATION_FORMAT = "dwarf-with-dsym";
				ENABLE_NS_ASSERTIONS = NO;
				ENABLE_STRICT_OBJC_MSGSEND = YES;
				GCC_C_LANGUAGE_STANDARD = gnu99;
				GCC_NO_COMMON_BLOCKS = YES;
				GCC_WARN_64_TO_32_BIT_CONVERSION = YES;
				GCC_WARN_ABOUT_RETURN_TYPE = YES_ERROR;
				GCC_WARN_UNDECLARED_SELECTOR = YES;
				GCC_WARN_UNINITIALIZED_AUTOS = YES_AGGRESSIVE;
				GCC_WARN_UNUSED_FUNCTION = YES;
				GCC_WARN_UNUSED_VARIABLE = YES;
				IPHONEOS_DEPLOYMENT_TARGET = 10.1;
				MTL_ENABLE_DEBUG_INFO = NO;
				SDKROOT = iphoneos;
				SWIFT_OPTIMIZATION_LEVEL = "-Owholemodule";
				TARGETED_DEVICE_FAMILY = "1,2";
				VALIDATE_PRODUCT = YES;
			};
			name = Release;
		};
		0AAD2F0F1E5C48EF00B504A3 /* Debug */ = {
			isa = XCBuildConfiguration;
			baseConfigurationReference = 449AB76A8F3659A0A4381CF8 /* Pods-APPYSTORE.debug.xcconfig */;
			buildSettings = {
				ALWAYS_EMBED_SWIFT_STANDARD_LIBRARIES = YES;
				ASSETCATALOG_COMPILER_APPICON_NAME = AppIcon;
				DEVELOPMENT_TEAM = PA2R53J5C8;
				FRAMEWORK_SEARCH_PATHS = (
					"$(inherited)",
					"$(PROJECT_DIR)/build/Debug-iphoneos",
				);
				INFOPLIST_FILE = APPYSTORE/Info.plist;
				LD_RUNPATH_SEARCH_PATHS = "$(inherited) @executable_path/Frameworks";
				PRODUCT_BUNDLE_IDENTIFIER = com.mauj.APPYSTORE;
				PRODUCT_NAME = "$(TARGET_NAME)";
				SWIFT_VERSION = 3.0;
			};
			name = Debug;
		};
		0AAD2F101E5C48EF00B504A3 /* Release */ = {
			isa = XCBuildConfiguration;
			baseConfigurationReference = 4235255AFD5AB3DCC9C949D5 /* Pods-APPYSTORE.release.xcconfig */;
			buildSettings = {
				ALWAYS_EMBED_SWIFT_STANDARD_LIBRARIES = YES;
				ASSETCATALOG_COMPILER_APPICON_NAME = AppIcon;
				DEVELOPMENT_TEAM = PA2R53J5C8;
				FRAMEWORK_SEARCH_PATHS = (
					"$(inherited)",
					"$(PROJECT_DIR)/build/Debug-iphoneos",
				);
				INFOPLIST_FILE = APPYSTORE/Info.plist;
				LD_RUNPATH_SEARCH_PATHS = "$(inherited) @executable_path/Frameworks";
				PRODUCT_BUNDLE_IDENTIFIER = com.mauj.APPYSTORE;
				PRODUCT_NAME = "$(TARGET_NAME)";
				SWIFT_VERSION = 3.0;
			};
			name = Release;
		};
/* End XCBuildConfiguration section */

/* Begin XCConfigurationList section */
		0AAD2EF41E5C48EF00B504A3 /* Build configuration list for PBXProject "APPYSTORE" */ = {
			isa = XCConfigurationList;
			buildConfigurations = (
				0AAD2F0C1E5C48EF00B504A3 /* Debug */,
				0AAD2F0D1E5C48EF00B504A3 /* Release */,
			);
			defaultConfigurationIsVisible = 0;
			defaultConfigurationName = Release;
		};
		0AAD2F0E1E5C48EF00B504A3 /* Build configuration list for PBXNativeTarget "APPYSTORE" */ = {
			isa = XCConfigurationList;
			buildConfigurations = (
				0AAD2F0F1E5C48EF00B504A3 /* Debug */,
				0AAD2F101E5C48EF00B504A3 /* Release */,
			);
			defaultConfigurationIsVisible = 0;
			defaultConfigurationName = Release;
		};
/* End XCConfigurationList section */

/* Begin XCVersionGroup section */
		0AAD2F031E5C48EF00B504A3 /* APPYSTORE.xcdatamodeld */ = {
			isa = XCVersionGroup;
			children = (
				0AAD2F041E5C48EF00B504A3 /* APPYSTORE.xcdatamodel */,
			);
			currentVersion = 0AAD2F041E5C48EF00B504A3 /* APPYSTORE.xcdatamodel */;
			path = APPYSTORE.xcdatamodeld;
			sourceTree = "<group>";
			versionGroupType = wrapper.xcdatamodel;
		};
/* End XCVersionGroup section */
	};
	rootObject = 0AAD2EF11E5C48EF00B504A3 /* Project object */;
}
